// !$*UTF8*$!
{
	archiveVersion = 1;
	classes = {
	};
	objectVersion = 50;
	objects = {

/* Begin PBXBuildFile section */
		AF0DE74E2102C0890099C294 /* AppDelegate.swift in Sources */ = {isa = PBXBuildFile; fileRef = AF0DE74D2102C0890099C294 /* AppDelegate.swift */; };
		AF0DE7502102C0890099C294 /* ClickerViewController.swift in Sources */ = {isa = PBXBuildFile; fileRef = AF0DE74F2102C0890099C294 /* ClickerViewController.swift */; };
		AF0DE7532102C0890099C294 /* Main.storyboard in Resources */ = {isa = PBXBuildFile; fileRef = AF0DE7512102C0890099C294 /* Main.storyboard */; };
		AF0DE7552102C08C0099C294 /* Assets.xcassets in Resources */ = {isa = PBXBuildFile; fileRef = AF0DE7542102C08C0099C294 /* Assets.xcassets */; };
		AF0DE7582102C08C0099C294 /* LaunchScreen.storyboard in Resources */ = {isa = PBXBuildFile; fileRef = AF0DE7562102C08C0099C294 /* LaunchScreen.storyboard */; };
		AF0DE7602102C3B80099C294 /* ScoreTableViewController.swift in Sources */ = {isa = PBXBuildFile; fileRef = AF0DE75F2102C3B80099C294 /* ScoreTableViewController.swift */; };
/* End PBXBuildFile section */

/* Begin PBXFileReference section */
		AF0DE74A2102C0890099C294 /* Clicker Version 9.app */ = {isa = PBXFileReference; explicitFileType = wrapper.application; includeInIndex = 0; path = "Clicker Version 9.app"; sourceTree = BUILT_PRODUCTS_DIR; };
		AF0DE74D2102C0890099C294 /* AppDelegate.swift */ = {isa = PBXFileReference; lastKnownFileType = sourcecode.swift; path = AppDelegate.swift; sourceTree = "<group>"; };
		AF0DE74F2102C0890099C294 /* ClickerViewController.swift */ = {isa = PBXFileReference; lastKnownFileType = sourcecode.swift; path = ClickerViewController.swift; sourceTree = "<group>"; };
		AF0DE7522102C0890099C294 /* Base */ = {isa = PBXFileReference; lastKnownFileType = file.storyboard; name = Base; path = Base.lproj/Main.storyboard; sourceTree = "<group>"; };
		AF0DE7542102C08C0099C294 /* Assets.xcassets */ = {isa = PBXFileReference; lastKnownFileType = folder.assetcatalog; path = Assets.xcassets; sourceTree = "<group>"; };
		AF0DE7572102C08C0099C294 /* Base */ = {isa = PBXFileReference; lastKnownFileType = file.storyboard; name = Base; path = Base.lproj/LaunchScreen.storyboard; sourceTree = "<group>"; };
		AF0DE7592102C08C0099C294 /* Info.plist */ = {isa = PBXFileReference; lastKnownFileType = text.plist.xml; path = Info.plist; sourceTree = "<group>"; };
		AF0DE75F2102C3B80099C294 /* ScoreTableViewController.swift */ = {isa = PBXFileReference; lastKnownFileType = sourcecode.swift; path = ScoreTableViewController.swift; sourceTree = "<group>"; };
/* End PBXFileReference section */

/* Begin PBXFrameworksBuildPhase section */
		AF0DE7472102C0890099C294 /* Frameworks */ = {
			isa = PBXFrameworksBuildPhase;
			buildActionMask = 2147483647;
			files = (
			);
			runOnlyForDeploymentPostprocessing = 0;
		};
/* End PBXFrameworksBuildPhase section */

/* Begin PBXGroup section */
		AF0DE7412102C0890099C294 = {
			isa = PBXGroup;
			children = (
				AF0DE74C2102C0890099C294 /* Clicker Version 9 */,
				AF0DE74B2102C0890099C294 /* Products */,
			);
			sourceTree = "<group>";
		};
		AF0DE74B2102C0890099C294 /* Products */ = {
			isa = PBXGroup;
			children = (
				AF0DE74A2102C0890099C294 /* Clicker Version 9.app */,
			);
			name = Products;
			sourceTree = "<group>";
		};
		AF0DE74C2102C0890099C294 /* Clicker Version 9 */ = {
			isa = PBXGroup;
			children = (
				AF0DE74D2102C0890099C294 /* AppDelegate.swift */,
				AF0DE74F2102C0890099C294 /* ClickerViewController.swift */,
				AF0DE7512102C0890099C294 /* Main.storyboard */,
				AF0DE75F2102C3B80099C294 /* ScoreTableViewController.swift */,
				AF0DE7542102C08C0099C294 /* Assets.xcassets */,
				AF0DE7562102C08C0099C294 /* LaunchScreen.storyboard */,
				AF0DE7592102C08C0099C294 /* Info.plist */,
			);
			path = "Clicker Version 9";
			sourceTree = "<group>";
		};
/* End PBXGroup section */

/* Begin PBXNativeTarget section */
		AF0DE7492102C0890099C294 /* Clicker Version 9 */ = {
			isa = PBXNativeTarget;
			buildConfigurationList = AF0DE75C2102C08C0099C294 /* Build configuration list for PBXNativeTarget "Clicker Version 9" */;
			buildPhases = (
				AF0DE7462102C0890099C294 /* Sources */,
				AF0DE7472102C0890099C294 /* Frameworks */,
				AF0DE7482102C0890099C294 /* Resources */,
			);
			buildRules = (
			);
			dependencies = (
			);
			name = "Clicker Version 9";
			productName = "Clicker Version 9";
			productReference = AF0DE74A2102C0890099C294 /* Clicker Version 9.app */;
			productType = "com.apple.product-type.application";
		};
/* End PBXNativeTarget section */

/* Begin PBXProject section */
		AF0DE7422102C0890099C294 /* Project object */ = {
			isa = PBXProject;
			attributes = {
				LastSwiftUpdateCheck = 0940;
				LastUpgradeCheck = 0940;
				ORGANIZATIONNAME = Tinkercademy;
				TargetAttributes = {
					AF0DE7492102C0890099C294 = {
						CreatedOnToolsVersion = 9.4.1;
					};
				};
			};
			buildConfigurationList = AF0DE7452102C0890099C294 /* Build configuration list for PBXProject "Clicker Version 9" */;
			compatibilityVersion = "Xcode 9.3";
			developmentRegion = en;
			hasScannedForEncodings = 0;
			knownRegions = (
				en,
				Base,
			);
			mainGroup = AF0DE7412102C0890099C294;
			productRefGroup = AF0DE74B2102C0890099C294 /* Products */;
			projectDirPath = "";
			projectRoot = "";
			targets = (
				AF0DE7492102C0890099C294 /* Clicker Version 9 */,
			);
		};
/* End PBXProject section */

/* Begin PBXResourcesBuildPhase section */
		AF0DE7482102C0890099C294 /* Resources */ = {
			isa = PBXResourcesBuildPhase;
			buildActionMask = 2147483647;
			files = (
				AF0DE7582102C08C0099C294 /* LaunchScreen.storyboard in Resources */,
				AF0DE7552102C08C0099C294 /* Assets.xcassets in Resources */,
				AF0DE7532102C0890099C294 /* Main.storyboard in Resources */,
			);
			runOnlyForDeploymentPostprocessing = 0;
		};
/* End PBXResourcesBuildPhase section */

/* Begin PBXSourcesBuildPhase section */
		AF0DE7462102C0890099C294 /* Sources */ = {
			isa = PBXSourcesBuildPhase;
			buildActionMask = 2147483647;
			files = (
				AF0DE7502102C0890099C294 /* ClickerViewController.swift in Sources */,
				AF0DE74E2102C0890099C294 /* AppDelegate.swift in Sources */,
				AF0DE7602102C3B80099C294 /* ScoreTableViewController.swift in Sources */,
			);
			runOnlyForDeploymentPostprocessing = 0;
		};
/* End PBXSourcesBuildPhase section */

/* Begin PBXVariantGroup section */
		AF0DE7512102C0890099C294 /* Main.storyboard */ = {
			isa = PBXVariantGroup;
			children = (
				AF0DE7522102C0890099C294 /* Base */,
			);
			name = Main.storyboard;
			sourceTree = "<group>";
		};
		AF0DE7562102C08C0099C294 /* LaunchScreen.storyboard */ = {
			isa = PBXVariantGroup;
			children = (
				AF0DE7572102C08C0099C294 /* Base */,
			);
			name = LaunchScreen.storyboard;
			sourceTree = "<group>";
		};
/* End PBXVariantGroup section */

/* Begin XCBuildConfiguration section */
		AF0DE75A2102C08C0099C294 /* Debug */ = {
			isa = XCBuildConfiguration;
			buildSettings = {
				ALWAYS_SEARCH_USER_PATHS = NO;
				CLANG_ANALYZER_NONNULL = YES;
				CLANG_ANALYZER_NUMBER_OBJECT_CONVERSION = YES_AGGRESSIVE;
				CLANG_CXX_LANGUAGE_STANDARD = "gnu++14";
				CLANG_CXX_LIBRARY = "libc++";
				CLANG_ENABLE_MODULES = YES;
				CLANG_ENABLE_OBJC_ARC = YES;
				CLANG_ENABLE_OBJC_WEAK = YES;
				CLANG_WARN_BLOCK_CAPTURE_AUTORELEASING = YES;
				CLANG_WARN_BOOL_CONVERSION = YES;
				CLANG_WARN_COMMA = YES;
				CLANG_WARN_CONSTANT_CONVERSION = YES;
				CLANG_WARN_DEPRECATED_OBJC_IMPLEMENTATIONS = YES;
				CLANG_WARN_DIRECT_OBJC_ISA_USAGE = YES_ERROR;
				CLANG_WARN_DOCUMENTATION_COMMENTS = YES;
				CLANG_WARN_EMPTY_BODY = YES;
				CLANG_WARN_ENUM_CONVERSION = YES;
				CLANG_WARN_INFINITE_RECURSION = YES;
				CLANG_WARN_INT_CONVERSION = YES;
				CLANG_WARN_NON_LITERAL_NULL_CONVERSION = YES;
				CLANG_WARN_OBJC_IMPLICIT_RETAIN_SELF = YES;
				CLANG_WARN_OBJC_LITERAL_CONVERSION = YES;
				CLANG_WARN_OBJC_ROOT_CLASS = YES_ERROR;
				CLANG_WARN_RANGE_LOOP_ANALYSIS = YES;
				CLANG_WARN_STRICT_PROTOTYPES = YES;
				CLANG_WARN_SUSPICIOUS_MOVE = YES;
				CLANG_WARN_UNGUARDED_AVAILABILITY = YES_AGGRESSIVE;
				CLANG_WARN_UNREACHABLE_CODE = YES;
				CLANG_WARN__DUPLICATE_METHOD_MATCH = YES;
				CODE_SIGN_IDENTITY = "iPhone Developer";
				COPY_PHASE_STRIP = NO;
				DEBUG_INFORMATION_FORMAT = dwarf;
				ENABLE_STRICT_OBJC_MSGSEND = YES;
				ENABLE_TESTABILITY = YES;
				GCC_C_LANGUAGE_STANDARD = gnu11;
				GCC_DYNAMIC_NO_PIC = NO;
				GCC_NO_COMMON_BLOCKS = YES;
				GCC_OPTIMIZATION_LEVEL = 0;
				GCC_PREPROCESSOR_DEFINITIONS = (
					"DEBUG=1",
					"$(inherited)",
				);
				GCC_WARN_64_TO_32_BIT_CONVERSION = YES;
				GCC_WARN_ABOUT_RETURN_TYPE = YES_ERROR;
				GCC_WARN_UNDECLARED_SELECTOR = YES;
				GCC_WARN_UNINITIALIZED_AUTOS = YES_AGGRESSIVE;
				GCC_WARN_UNUSED_FUNCTION = YES;
				GCC_WARN_UNUSED_VARIABLE = YES;
				IPHONEOS_DEPLOYMENT_TARGET = 11.4;
				MTL_ENABLE_DEBUG_INFO = YES;
				ONLY_ACTIVE_ARCH = YES;
				SDKROOT = iphoneos;
				SWIFT_ACTIVE_COMPILATION_CONDITIONS = DEBUG;
				SWIFT_OPTIMIZATION_LEVEL = "-Onone";
			};
			name = Debug;
		};
		AF0DE75B2102C08C0099C294 /* Release */ = {
			isa = XCBuildConfiguration;
			buildSettings = {
				ALWAYS_SEARCH_USER_PATHS = NO;
				CLANG_ANALYZER_NONNULL = YES;
				CLANG_ANALYZER_NUMBER_OBJECT_CONVERSION = YES_AGGRESSIVE;
				CLANG_CXX_LANGUAGE_STANDARD = "gnu++14";
				CLANG_CXX_LIBRARY = "libc++";
				CLANG_ENABLE_MODULES = YES;
				CLANG_ENABLE_OBJC_ARC = YES;
				CLANG_ENABLE_OBJC_WEAK = YES;
				CLANG_WARN_BLOCK_CAPTURE_AUTORELEASING = YES;
				CLANG_WARN_BOOL_CONVERSION = YES;
				CLANG_WARN_COMMA = YES;
				CLANG_WARN_CONSTANT_CONVERSION = YES;
				CLANG_WARN_DEPRECATED_OBJC_IMPLEMENTATIONS = YES;
				CLANG_WARN_DIRECT_OBJC_ISA_USAGE = YES_ERROR;
				CLANG_WARN_DOCUMENTATION_COMMENTS = YES;
				CLANG_WARN_EMPTY_BODY = YES;
				CLANG_WARN_ENUM_CONVERSION = YES;
				CLANG_WARN_INFINITE_RECURSION = YES;
				CLANG_WARN_INT_CONVERSION = YES;
				CLANG_WARN_NON_LITERAL_NULL_CONVERSION = YES;
				CLANG_WARN_OBJC_IMPLICIT_RETAIN_SELF = YES;
				CLANG_WARN_OBJC_LITERAL_CONVERSION = YES;
				CLANG_WARN_OBJC_ROOT_CLASS = YES_ERROR;
				CLANG_WARN_RANGE_LOOP_ANALYSIS = YES;
				CLANG_WARN_STRICT_PROTOTYPES = YES;
				CLANG_WARN_SUSPICIOUS_MOVE = YES;
				CLANG_WARN_UNGUARDED_AVAILABILITY = YES_AGGRESSIVE;
				CLANG_WARN_UNREACHABLE_CODE = YES;
				CLANG_WARN__DUPLICATE_METHOD_MATCH = YES;
				CODE_SIGN_IDENTITY = "iPhone Developer";
				COPY_PHASE_STRIP = NO;
				DEBUG_INFORMATION_FORMAT = "dwarf-with-dsym";
				ENABLE_NS_ASSERTIONS = NO;
				ENABLE_STRICT_OBJC_MSGSEND = YES;
				GCC_C_LANGUAGE_STANDARD = gnu11;
				GCC_NO_COMMON_BLOCKS = YES;
				GCC_WARN_64_TO_32_BIT_CONVERSION = YES;
				GCC_WARN_ABOUT_RETURN_TYPE = YES_ERROR;
				GCC_WARN_UNDECLARED_SELECTOR = YES;
				GCC_WARN_UNINITIALIZED_AUTOS = YES_AGGRESSIVE;
				GCC_WARN_UNUSED_FUNCTION = YES;
				GCC_WARN_UNUSED_VARIABLE = YES;
				IPHONEOS_DEPLOYMENT_TARGET = 11.4;
				MTL_ENABLE_DEBUG_INFO = NO;
				SDKROOT = iphoneos;
				SWIFT_COMPILATION_MODE = wholemodule;
				SWIFT_OPTIMIZATION_LEVEL = "-O";
				VALIDATE_PRODUCT = YES;
			};
			name = Release;
		};
		AF0DE75D2102C08C0099C294 /* Debug */ = {
			isa = XCBuildConfiguration;
			buildSettings = {
				ASSETCATALOG_COMPILER_APPICON_NAME = AppIcon;
				CODE_SIGN_STYLE = Automatic;
				DEVELOPMENT_TEAM = PQ6U5ESLN2;
				INFOPLIST_FILE = "Clicker Version 9/Info.plist";
				LD_RUNPATH_SEARCH_PATHS = (
					"$(inherited)",
					"@executable_path/Frameworks",
				);
				PRODUCT_BUNDLE_IDENTIFIER = "com.tinkercademy.Clicker-Version-9";
				PRODUCT_NAME = "$(TARGET_NAME)";
				SWIFT_VERSION = 4.0;
				TARGETED_DEVICE_FAMILY = "1,2";
			};
			name = Debug;
		};
		AF0DE75E2102C08C0099C294 /* Release */ = {
			isa = XCBuildConfiguration;
			buildSettings = {
				ASSETCATALOG_COMPILER_APPICON_NAME = AppIcon;
				CODE_SIGN_STYLE = Automatic;
				DEVELOPMENT_TEAM = PQ6U5ESLN2;
				INFOPLIST_FILE = "Clicker Version 9/Info.plist";
				LD_RUNPATH_SEARCH_PATHS = (
					"$(inherited)",
					"@executable_path/Frameworks",
				);
				PRODUCT_BUNDLE_IDENTIFIER = "com.tinkercademy.Clicker-Version-9";
				PRODUCT_NAME = "$(TARGET_NAME)";
				SWIFT_VERSION = 4.0;
				TARGETED_DEVICE_FAMILY = "1,2";
			};
			name = Release;
		};
/* End XCBuildConfiguration section */

/* Begin XCConfigurationList section */
		AF0DE7452102C0890099C294 /* Build configuration list for PBXProject "Clicker Version 9" */ = {
			isa = XCConfigurationList;
			buildConfigurations = (
				AF0DE75A2102C08C0099C294 /* Debug */,
				AF0DE75B2102C08C0099C294 /* Release */,
			);
			defaultConfigurationIsVisible = 0;
			defaultConfigurationName = Release;
		};
		AF0DE75C2102C08C0099C294 /* Build configuration list for PBXNativeTarget "Clicker Version 9" */ = {
			isa = XCConfigurationList;
			buildConfigurations = (
				AF0DE75D2102C08C0099C294 /* Debug */,
				AF0DE75E2102C08C0099C294 /* Release */,
			);
			defaultConfigurationIsVisible = 0;
			defaultConfigurationName = Release;
		};
/* End XCConfigurationList section */
	};
	rootObject = AF0DE7422102C0890099C294 /* Project object */;
}
